github.com/cockroachdb/cockroach-go v2.0.1+incompatible h1:rkk9T7FViadPOz28xQ68o18jBSpyShru0mayVumxqYA=
github.com/cockroachdb/cockroach-go v2.0.1+incompatible/go.mod h1:XGLbWH/ujMcbPbhZq52Nv6UrCghb1yGn//133kEsvDk=
github.com/lib/pq v1.10.0 h1:Zx5DJFEYQXio93kgXnQ09fXNiUKsqv4OUEu2UtGcB1E=
github.com/lib/pq v1.10.0/go.mod h1:AlVN5x4E4T544tWzH6hKfbfQvm3HdbOxrmggDNAPY9o=
